
Microsoft Visual Studio Solution File, Format Version 12.00
# Visual Studio 15
VisualStudioVersion = 15.0.28307.1209
MinimumVisualStudioVersion = 10.0.40219.1
Project("{FAE04EC0-301F-11D3-BF4B-00C04F79EFBC}") = "ExcelMaker", "ExcelMaker\ExcelMaker.csproj", "{635B768A-ABC1-4C41-B24D-9C9615F6E3A7}"
EndProject
Global
	GlobalSection(SolutionConfigurationPlatforms) = preSolution
		Debug|Any CPU = Debug|Any CPU
		Release|Any CPU = Release|Any CPU
	EndGlobalSection
	GlobalSection(ProjectConfigurationPlatforms) = postSolution
		{635B768A-ABC1-4C41-B24D-9C9615F6E3A7}.Debug|Any CPU.ActiveCfg = Debug|Any CPU
		{635B768A-ABC1-4C41-B24D-9C9615F6E3A7}.Debug|Any CPU.Build.0 = Debug|Any CPU
		{635B768A-ABC1-4C41-B24D-9C9615F6E3A7}.Release|Any CPU.ActiveCfg = Release|Any CPU
		{635B768A-ABC1-4C41-B24D-9C9615F6E3A7}.Release|Any CPU.Build.0 = Release|Any CPU
	EndGlobalSection
	GlobalSection(SolutionProperties) = preSolution
		HideSolutionNode = FALSE
	EndGlobalSection
	GlobalSection(ExtensibilityGlobals) = postSolution
		SolutionGuid = {8BDCD661-81DA-4AC0-8F9D-77B972710EA3}
	EndGlobalSection
EndGlobal
